
Microsoft Visual Studio Solution File, Format Version 12.00
Project("{2150E333-8FDC-42A3-9474-1A3956D46DE8}") = "Solution Items", "Solution Items", "{7FA1BD6D-8D42-4B6F-96C2-B1FC31FDFEFC}"
	ProjectSection(SolutionItems) = preProject
		.gitignore = .gitignore
		Changelog.md = Changelog.md
		Readme.md = Readme.md
		Build\Build.Configuration.cs = Build\Build.Configuration.cs
	EndProjectSection
EndProject
Project("{05CBC0EE-07E3-445A-BB1F-479216CB4DD2}") = "Build", "build\Build.csproj", "{3CC7E538-02F8-4198-9012-E8381D016934}"
EndProject
Project("{05CBC0EE-07E3-445A-BB1F-479216CB4DD2}") = "Installer", "install\Installer.csproj", "{D450C4F5-4622-4B7F-A057-84DC77A5150D}"
EndProject
Project("{FAE04EC0-301F-11D3-BF4B-00C04F79EFBC}") = "FamilyUpdater", "source\FamilyUpdater\FamilyUpdater.csproj", "{80374C9E-8EEF-4AB3-8D5F-1A2DAB53C158}"
EndProject
Global
	GlobalSection(SolutionConfigurationPlatforms) = preSolution
		Debug R20|Any CPU = Debug R20|Any CPU
		Debug R21|Any CPU = Debug R21|Any CPU
		Debug R22|Any CPU = Debug R22|Any CPU
		Debug R23|Any CPU = Debug R23|Any CPU
		Debug R24|Any CPU = Debug R24|Any CPU
		Debug R25|Any CPU = Debug R25|Any CPU
		Release R20|Any CPU = Release R20|Any CPU
		Release R21|Any CPU = Release R21|Any CPU
		Release R22|Any CPU = Release R22|Any CPU
		Release R23|Any CPU = Release R23|Any CPU
		Release R24|Any CPU = Release R24|Any CPU
		Release R25|Any CPU = Release R25|Any CPU
		Installer|Any CPU = Installer|Any CPU
	EndGlobalSection
	GlobalSection(ProjectConfigurationPlatforms) = postSolution
		{3CC7E538-02F8-4198-9012-E8381D016934}.Debug R20|Any CPU.ActiveCfg = Debug|Any CPU
		{3CC7E538-02F8-4198-9012-E8381D016934}.Debug R21|Any CPU.ActiveCfg = Debug|Any CPU
		{3CC7E538-02F8-4198-9012-E8381D016934}.Debug R22|Any CPU.ActiveCfg = Debug|Any CPU
		{3CC7E538-02F8-4198-9012-E8381D016934}.Debug R23|Any CPU.ActiveCfg = Debug|Any CPU
		{3CC7E538-02F8-4198-9012-E8381D016934}.Debug R24|Any CPU.ActiveCfg = Debug|Any CPU
		{3CC7E538-02F8-4198-9012-E8381D016934}.Debug R25|Any CPU.ActiveCfg = Debug|Any CPU
		{3CC7E538-02F8-4198-9012-E8381D016934}.Release R20|Any CPU.ActiveCfg = Release|Any CPU
		{3CC7E538-02F8-4198-9012-E8381D016934}.Release R21|Any CPU.ActiveCfg = Release|Any CPU
		{3CC7E538-02F8-4198-9012-E8381D016934}.Release R22|Any CPU.ActiveCfg = Release|Any CPU
		{3CC7E538-02F8-4198-9012-E8381D016934}.Release R23|Any CPU.ActiveCfg = Release|Any CPU
		{3CC7E538-02F8-4198-9012-E8381D016934}.Release R24|Any CPU.ActiveCfg = Release|Any CPU
		{3CC7E538-02F8-4198-9012-E8381D016934}.Release R25|Any CPU.ActiveCfg = Release|Any CPU
		{3CC7E538-02F8-4198-9012-E8381D016934}.Installer|Any CPU.ActiveCfg = Release|Any CPU
		{D450C4F5-4622-4B7F-A057-84DC77A5150D}.Debug R20|Any CPU.ActiveCfg = Debug|Any CPU
		{D450C4F5-4622-4B7F-A057-84DC77A5150D}.Debug R21|Any CPU.ActiveCfg = Debug|Any CPU
		{D450C4F5-4622-4B7F-A057-84DC77A5150D}.Debug R22|Any CPU.ActiveCfg = Debug|Any CPU
		{D450C4F5-4622-4B7F-A057-84DC77A5150D}.Debug R23|Any CPU.ActiveCfg = Debug|Any CPU
		{D450C4F5-4622-4B7F-A057-84DC77A5150D}.Debug R24|Any CPU.ActiveCfg = Debug|Any CPU
		{D450C4F5-4622-4B7F-A057-84DC77A5150D}.Debug R25|Any CPU.ActiveCfg = Debug|Any CPU
		{D450C4F5-4622-4B7F-A057-84DC77A5150D}.Release R20|Any CPU.ActiveCfg = Release|Any CPU
		{D450C4F5-4622-4B7F-A057-84DC77A5150D}.Release R21|Any CPU.ActiveCfg = Release|Any CPU
		{D450C4F5-4622-4B7F-A057-84DC77A5150D}.Release R22|Any CPU.ActiveCfg = Release|Any CPU
		{D450C4F5-4622-4B7F-A057-84DC77A5150D}.Release R23|Any CPU.ActiveCfg = Release|Any CPU
		{D450C4F5-4622-4B7F-A057-84DC77A5150D}.Release R24|Any CPU.ActiveCfg = Release|Any CPU
		{D450C4F5-4622-4B7F-A057-84DC77A5150D}.Release R25|Any CPU.ActiveCfg = Release|Any CPU
		{D450C4F5-4622-4B7F-A057-84DC77A5150D}.Installer|Any CPU.ActiveCfg = Release|Any CPU
		{D450C4F5-4622-4B7F-A057-84DC77A5150D}.Installer|Any CPU.Build.0 = Release|Any CPU
		{919C6C50-30BA-4923-B969-6B0CFB980E47}.Debug R20|Any CPU.ActiveCfg = Debug R20|Any CPU
		{919C6C50-30BA-4923-B969-6B0CFB980E47}.Debug R20|Any CPU.Build.0 = Debug R20|Any CPU
		{919C6C50-30BA-4923-B969-6B0CFB980E47}.Debug R21|Any CPU.ActiveCfg = Debug R21|Any CPU
		{919C6C50-30BA-4923-B969-6B0CFB980E47}.Debug R21|Any CPU.Build.0 = Debug R21|Any CPU
		{919C6C50-30BA-4923-B969-6B0CFB980E47}.Debug R22|Any CPU.ActiveCfg = Debug R22|Any CPU
		{919C6C50-30BA-4923-B969-6B0CFB980E47}.Debug R22|Any CPU.Build.0 = Debug R22|Any CPU
		{919C6C50-30BA-4923-B969-6B0CFB980E47}.Debug R23|Any CPU.ActiveCfg = Debug R23|Any CPU
		{919C6C50-30BA-4923-B969-6B0CFB980E47}.Debug R23|Any CPU.Build.0 = Debug R23|Any CPU
		{919C6C50-30BA-4923-B969-6B0CFB980E47}.Debug R24|Any CPU.ActiveCfg = Debug R24|Any CPU
		{919C6C50-30BA-4923-B969-6B0CFB980E47}.Debug R24|Any CPU.Build.0 = Debug R24|Any CPU
		{919C6C50-30BA-4923-B969-6B0CFB980E47}.Debug R25|Any CPU.ActiveCfg = Debug R25|Any CPU
		{919C6C50-30BA-4923-B969-6B0CFB980E47}.Debug R25|Any CPU.Build.0 = Debug R25|Any CPU
		{919C6C50-30BA-4923-B969-6B0CFB980E47}.Release R20|Any CPU.ActiveCfg = Release R20|Any CPU
		{919C6C50-30BA-4923-B969-6B0CFB980E47}.Release R20|Any CPU.Build.0 = Release R20|Any CPU
		{919C6C50-30BA-4923-B969-6B0CFB980E47}.Release R21|Any CPU.ActiveCfg = Release R21|Any CPU
		{919C6C50-30BA-4923-B969-6B0CFB980E47}.Release R21|Any CPU.Build.0 = Release R21|Any CPU
		{919C6C50-30BA-4923-B969-6B0CFB980E47}.Release R22|Any CPU.ActiveCfg = Release R22|Any CPU
		{919C6C50-30BA-4923-B969-6B0CFB980E47}.Release R22|Any CPU.Build.0 = Release R22|Any CPU
		{919C6C50-30BA-4923-B969-6B0CFB980E47}.Release R23|Any CPU.ActiveCfg = Release R23|Any CPU
		{919C6C50-30BA-4923-B969-6B0CFB980E47}.Release R23|Any CPU.Build.0 = Release R23|Any CPU
		{919C6C50-30BA-4923-B969-6B0CFB980E47}.Release R24|Any CPU.ActiveCfg = Release R24|Any CPU
		{919C6C50-30BA-4923-B969-6B0CFB980E47}.Release R24|Any CPU.Build.0 = Release R24|Any CPU
		{919C6C50-30BA-4923-B969-6B0CFB980E47}.Release R25|Any CPU.ActiveCfg = Release R25|Any CPU
		{919C6C50-30BA-4923-B969-6B0CFB980E47}.Release R25|Any CPU.Build.0 = Release R25|Any CPU
		{919C6C50-30BA-4923-B969-6B0CFB980E47}.Installer|Any CPU.ActiveCfg = Debug R20|Any CPU
		{919C6C50-30BA-4923-B969-6B0CFB980E47}.Installer|Any CPU.Build.0 = Debug R20|Any CPU
		{80374C9E-8EEF-4AB3-8D5F-1A2DAB53C158}.Debug R20|Any CPU.ActiveCfg = Debug R20|Any CPU
		{80374C9E-8EEF-4AB3-8D5F-1A2DAB53C158}.Debug R20|Any CPU.Build.0 = Debug R20|Any CPU
		{80374C9E-8EEF-4AB3-8D5F-1A2DAB53C158}.Debug R21|Any CPU.ActiveCfg = Debug R21|Any CPU
		{80374C9E-8EEF-4AB3-8D5F-1A2DAB53C158}.Debug R21|Any CPU.Build.0 = Debug R21|Any CPU
		{80374C9E-8EEF-4AB3-8D5F-1A2DAB53C158}.Debug R22|Any CPU.ActiveCfg = Debug R22|Any CPU
		{80374C9E-8EEF-4AB3-8D5F-1A2DAB53C158}.Debug R22|Any CPU.Build.0 = Debug R22|Any CPU
		{80374C9E-8EEF-4AB3-8D5F-1A2DAB53C158}.Debug R23|Any CPU.ActiveCfg = Debug R23|Any CPU
		{80374C9E-8EEF-4AB3-8D5F-1A2DAB53C158}.Debug R23|Any CPU.Build.0 = Debug R23|Any CPU
		{80374C9E-8EEF-4AB3-8D5F-1A2DAB53C158}.Debug R24|Any CPU.ActiveCfg = Debug R24|Any CPU
		{80374C9E-8EEF-4AB3-8D5F-1A2DAB53C158}.Debug R24|Any CPU.Build.0 = Debug R24|Any CPU
		{80374C9E-8EEF-4AB3-8D5F-1A2DAB53C158}.Debug R25|Any CPU.ActiveCfg = Debug R25|Any CPU
		{80374C9E-8EEF-4AB3-8D5F-1A2DAB53C158}.Debug R25|Any CPU.Build.0 = Debug R25|Any CPU
		{80374C9E-8EEF-4AB3-8D5F-1A2DAB53C158}.Release R20|Any CPU.ActiveCfg = Release R20|Any CPU
		{80374C9E-8EEF-4AB3-8D5F-1A2DAB53C158}.Release R20|Any CPU.Build.0 = Release R20|Any CPU
		{80374C9E-8EEF-4AB3-8D5F-1A2DAB53C158}.Release R21|Any CPU.ActiveCfg = Release R21|Any CPU
		{80374C9E-8EEF-4AB3-8D5F-1A2DAB53C158}.Release R21|Any CPU.Build.0 = Release R21|Any CPU
		{80374C9E-8EEF-4AB3-8D5F-1A2DAB53C158}.Release R22|Any CPU.ActiveCfg = Release R22|Any CPU
		{80374C9E-8EEF-4AB3-8D5F-1A2DAB53C158}.Release R22|Any CPU.Build.0 = Release R22|Any CPU
		{80374C9E-8EEF-4AB3-8D5F-1A2DAB53C158}.Release R23|Any CPU.ActiveCfg = Release R23|Any CPU
		{80374C9E-8EEF-4AB3-8D5F-1A2DAB53C158}.Release R23|Any CPU.Build.0 = Release R23|Any CPU
		{80374C9E-8EEF-4AB3-8D5F-1A2DAB53C158}.Release R24|Any CPU.ActiveCfg = Release R24|Any CPU
		{80374C9E-8EEF-4AB3-8D5F-1A2DAB53C158}.Release R24|Any CPU.Build.0 = Release R24|Any CPU
		{80374C9E-8EEF-4AB3-8D5F-1A2DAB53C158}.Release R25|Any CPU.ActiveCfg = Release R25|Any CPU
		{80374C9E-8EEF-4AB3-8D5F-1A2DAB53C158}.Release R25|Any CPU.Build.0 = Release R25|Any CPU
		{80374C9E-8EEF-4AB3-8D5F-1A2DAB53C158}.Installer|Any CPU.ActiveCfg = Debug R20|Any CPU
		{80374C9E-8EEF-4AB3-8D5F-1A2DAB53C158}.Installer|Any CPU.Build.0 = Debug R20|Any CPU
	EndGlobalSection
EndGlobal
